<?xml version="1.0" encoding="utf-8"?>
<Project ToolsVersion="4.0" xmlns="http://schemas.microsoft.com/developer/msbuild/2003">
  <ItemGroup>
    <Filter Include="Header Files">
      <UniqueIdentifier>{93995380-89BD-4b04-88EB-625FBE52EBFB}</UniqueIdentifier>
      <Extensions>h;hh;hpp;hxx;h++;hm;inl;inc;ipp;xsd</Extensions>
    </Filter>
    <Filter Include="Source Files">
      <UniqueIdentifier>{e5cb56dc-8885-4c16-9bb5-5da3cb97c772}</UniqueIdentifier>
    </Filter>
    <Filter Include="Header Files\Any">
      <UniqueIdentifier>{6cb3e681-7920-4e90-840f-a66d8ec5f1f4}</UniqueIdentifier>
    </Filter>
    <Filter Include="Header Files\Factory">
      <UniqueIdentifier>{de696fa2-5a76-4a71-a53e-04d05d4d2047}</UniqueIdentifier>
    </Filter>
    <Filter Include="Header Files\Functions">
      <UniqueIdentifier>{356585ed-69e5-4f45-85c4-6c669ffa35b0}</UniqueIdentifier>
    </Filter>
    <Filter Include="Header Files\Model">
      <UniqueIdentifier>{d586c314-8e41-4b5f-bfb0-42c9988ed15a}</UniqueIdentifier>
    </Filter>
    <Filter Include="Header Files\Struct">
      <UniqueIdentifier>{95db7293-6d27-4cea-992c-f1fe0162e4a1}</UniqueIdentifier>
    </Filter>
    <Filter Include="Header Files\Text">
      <UniqueIdentifier>{6666a972-376c-4d97-be1a-38216a339b38}</UniqueIdentifier>
    </Filter>
    <Filter Include="Header Files\View">
      <UniqueIdentifier>{bcd5d4c5-6f7c-47d5-854a-2e80ddae9633}</UniqueIdentifier>
    </Filter>
    <Filter Include="Header Files\ViewGroup">
      <UniqueIdentifier>{faaff6c7-b5c6-470f-91d0-79ed31062f88}</UniqueIdentifier>
    </Filter>
    <Filter Include="Source Files\Any">
      <UniqueIdentifier>{6b171c95-585a-4438-8bda-f6e6ec8e39f7}</UniqueIdentifier>
    </Filter>
    <Filter Include="Source Files\Functions">
      <UniqueIdentifier>{890d3590-542c-4c28-89de-ddee1181defd}</UniqueIdentifier>
    </Filter>
    <Filter Include="Source Files\Model">
      <UniqueIdentifier>{5dee731c-eb8c-4d7f-9bd7-7b8eeca9ad65}</UniqueIdentifier>
    </Filter>
    <Filter Include="Source Files\View">
      <UniqueIdentifier>{2557f775-0083-45e1-b293-a704447759c4}</UniqueIdentifier>
    </Filter>
    <Filter Include="Source Files\Factory">
      <UniqueIdentifier>{6225f69f-c7dc-41ce-9358-bec237b3e61e}</UniqueIdentifier>
    </Filter>
    <Filter Include="Source Files\ViewGroup">
      <UniqueIdentifier>{d98ba57f-8dbf-4c99-a30a-70c0fec6ae8c}</UniqueIdentifier>
    </Filter>
    <Filter Include="Console Test Source Files">
      <UniqueIdentifier>{4FC737F1-C7A5-4376-A066-2A32D752A2FF}</UniqueIdentifier>
      <Extensions>cpp;c;cc;cxx;c++;cppm;ixx;def;odl;idl;hpj;bat;asm;asmx</Extensions>
    </Filter>
    <Filter Include="Console Test Source Files\Any">
      <UniqueIdentifier>{c6a3fb23-a4a9-451d-b78d-c9e7720990a7}</UniqueIdentifier>
    </Filter>
    <Filter Include="Console Test Source Files\Functions">
      <UniqueIdentifier>{624db1a6-1cbb-4034-acca-11cd0b162515}</UniqueIdentifier>
    </Filter>
    <Filter Include="Console Test Source Files\Model">
      <UniqueIdentifier>{525a7983-8f12-48b1-bc3d-81af74c7e8d5}</UniqueIdentifier>
    </Filter>
    <Filter Include="Console Test Source Files\Struct">
      <UniqueIdentifier>{5f8983f3-07a2-4b8b-b58d-2b01cdf02a34}</UniqueIdentifier>
    </Filter>
    <Filter Include="GUI Test Header Files">
      <UniqueIdentifier>{996f4ae2-3b92-43b0-95e5-0493bb355ce5}</UniqueIdentifier>
    </Filter>
    <Filter Include="GUI Test Source Files">
      <UniqueIdentifier>{529781ba-97f8-428c-a540-32ead6b0b06a}</UniqueIdentifier>
    </Filter>
    <Filter Include="GUI Test Header Files\ViewGroupFactory">
      <UniqueIdentifier>{3a97f188-dd69-402d-960b-479654117e9b}</UniqueIdentifier>
    </Filter>
    <Filter Include="GUI Test Source Files\Functions">
      <UniqueIdentifier>{3a699000-e62b-4596-b49c-ce7d46a30360}</UniqueIdentifier>
    </Filter>
    <Filter Include="GUI Test Source Files\ViewGroupFactory">
      <UniqueIdentifier>{d68e812a-9df1-46db-a7d5-c0b511867f91}</UniqueIdentifier>
    </Filter>
    <Filter Include="GUI Test Header Files\Any">
      <UniqueIdentifier>{f81a7494-119f-47e7-90f2-59a35a4552c8}</UniqueIdentifier>
    </Filter>
    <Filter Include="Test Assets">
      <UniqueIdentifier>{85340b5f-f576-4d69-9809-3125bd8ecc69}</UniqueIdentifier>
    </Filter>
    <Filter Include="Header Files\Atlas">
      <UniqueIdentifier>{588ad637-a3dc-4693-91da-cde24091c0a8}</UniqueIdentifier>
    </Filter>
    <Filter Include="Source Files\Atlas">
      <UniqueIdentifier>{9a9afb16-c318-49cf-8737-0d5554bdf38b}</UniqueIdentifier>
    </Filter>
    <Filter Include="Console Test Header Files">
      <UniqueIdentifier>{a004ddc3-b1f0-4cfc-8c4b-1fc7d6043f43}</UniqueIdentifier>
    </Filter>
    <Filter Include="Console Test Header Files\Any">
      <UniqueIdentifier>{be291439-d6d5-4874-bf2f-c2ebbcc4899c}</UniqueIdentifier>
    </Filter>
  </ItemGroup>
  <ItemGroup>
    <ClInclude Include="src\main\Any\App.h">
      <Filter>Header Files\Any</Filter>
    </ClInclude>
    <ClInclude Include="src\main\Any\Enums.h">
      <Filter>Header Files\Any</Filter>
    </ClInclude>
    <ClInclude Include="src\main\Any\Map.h">
      <Filter>Header Files\Any</Filter>
    </ClInclude>
    <ClInclude Include="src\main\Any\Subsystems.h">
      <Filter>Header Files\Any</Filter>
    </ClInclude>
    <ClInclude Include="src\main\Any\View.h">
      <Filter>Header Files\Any</Filter>
    </ClInclude>
    <ClInclude Include="src\main\Factory\ViewGroupFactory.h">
      <Filter>Header Files\Factory</Filter>
    </ClInclude>
    <ClInclude Include="src\main\Functions\control_flow.h">
      <Filter>Header Files\Functions</Filter>
    </ClInclude>
    <ClInclude Include="src\main\Functions\math_ext.h">
      <Filter>Header Files\Functions</Filter>
    </ClInclude>
    <ClInclude Include="src\main\Functions\sdl_ext.h">
      <Filter>Header Files\Functions</Filter>
    </ClInclude>
    <ClInclude Include="src\main\Model\ButtonModel.h">
      <Filter>Header Files\Model</Filter>
    </ClInclude>
    <ClInclude Include="src\main\Model\ImageModel.h">
      <Filter>Header Files\Model</Filter>
    </ClInclude>
    <ClInclude Include="src\main\Model\ModalModel.h">
      <Filter>Header Files\Model</Filter>
    </ClInclude>
    <ClInclude Include="src\main\ViewGroup\Modal.h">
      <Filter>Header Files\ViewGroup</Filter>
    </ClInclude>
    <ClInclude Include="src\main\ViewGroup\Page.h">
      <Filter>Header Files\ViewGroup</Filter>
    </ClInclude>
    <ClInclude Include="src\main\View\BorderView.h">
      <Filter>Header Files\View</Filter>
    </ClInclude>
    <ClInclude Include="src\main\View\Button.h">
      <Filter>Header Files\View</Filter>
    </ClInclude>
    <ClInclude Include="src\main\View\Image.h">
      <Filter>Header Files\View</Filter>
    </ClInclude>
    <ClInclude Include="src\main\View\RectView.h">
      <Filter>Header Files\View</Filter>
    </ClInclude>
    <ClInclude Include="src\main\View\ViewGroup.h">
      <Filter>Header Files\View</Filter>
    </ClInclude>
    <ClInclude Include="src\main\Text\Score.h">
      <Filter>Header Files\Text</Filter>
    </ClInclude>
    <ClInclude Include="src\main\Struct\Border.h">
      <Filter>Header Files\Struct</Filter>
    </ClInclude>
    <ClInclude Include="src\main\Struct\Color.h">
      <Filter>Header Files\Struct</Filter>
    </ClInclude>
    <ClInclude Include="src\main\Struct\Paint.h">
      <Filter>Header Files\Struct</Filter>
    </ClInclude>
    <ClInclude Include="src\main\Struct\Point.h">
      <Filter>Header Files\Struct</Filter>
    </ClInclude>
    <ClInclude Include="src\main\Struct\Rect.h">
      <Filter>Header Files\Struct</Filter>
    </ClInclude>
    <ClInclude Include="src\main\Struct\Size.h">
      <Filter>Header Files\Struct</Filter>
    </ClInclude>
    <ClInclude Include="src\main\Any\QuadTree.h">
      <Filter>Header Files\Any</Filter>
    </ClInclude>
    <ClInclude Include="src\main\Struct\BoundingBox.h">
      <Filter>Header Files\Struct</Filter>
    </ClInclude>
    <ClInclude Include="src\main\Struct\GlyphMetrics.h">
      <Filter>Header Files\Struct</Filter>
    </ClInclude>
    <ClInclude Include="src\main\Functions\ttf_ext.h">
      <Filter>Header Files\Functions</Filter>
    </ClInclude>
    <ClInclude Include="src\guiTest\ViewGroupFactory\ViewifyViewGroupFactory.h">
      <Filter>GUI Test Header Files\ViewGroupFactory</Filter>
    </ClInclude>
    <ClInclude Include="src\guiTest\Any\Enums.h">
      <Filter>GUI Test Header Files\Any</Filter>
    </ClInclude>
    <ClInclude Include="src\main\viewify.h">
      <Filter>Header Files</Filter>
    </ClInclude>
    <ClInclude Include="src\main\Any\Atlas.h">
      <Filter>Header Files\Any</Filter>
    </ClInclude>
    <ClInclude Include="src\main\View\Text.h">
      <Filter>Header Files\View</Filter>
    </ClInclude>
    <ClInclude Include="src\main\Any\typedefs.h">
      <Filter>Header Files\Any</Filter>
    </ClInclude>
    <ClInclude Include="src\main\Atlas\GlyphAtlas.h">
      <Filter>Header Files\Atlas</Filter>
    </ClInclude>
    <ClInclude Include="src\main\Atlas\TextureAtlas.h">
      <Filter>Header Files\Atlas</Filter>
    </ClInclude>
    <ClInclude Include="src\main\Any\constants.h">
      <Filter>Header Files\Any</Filter>
    </ClInclude>
    <ClInclude Include="src\guiTest\Any\FontName.h">
      <Filter>GUI Test Header Files\Any</Filter>
    </ClInclude>
    <ClInclude Include="src\guiTest\Any\SpriteName.h">
      <Filter>GUI Test Header Files\Any</Filter>
    </ClInclude>
    <ClInclude Include="src\consoleTest\Any\FontName.h">
      <Filter>Console Test Header Files\Any</Filter>
    </ClInclude>
    <ClInclude Include="src\main\Model\TextModel.h">
      <Filter>Header Files\Model</Filter>
    </ClInclude>
  </ItemGroup>
  <ItemGroup>
    <ClCompile Include="src\main\Any\Subsystems.cpp">
      <Filter>Source Files\Any</Filter>
    </ClCompile>
    <ClCompile Include="src\main\Any\View.cpp">
      <Filter>Source Files\Any</Filter>
    </ClCompile>
    <ClCompile Include="src\main\Functions\sdl_ext.cpp">
      <Filter>Source Files\Functions</Filter>
    </ClCompile>
    <ClCompile Include="src\main\Model\ButtonModel.cpp">
      <Filter>Source Files\Model</Filter>
    </ClCompile>
    <ClCompile Include="src\main\Model\ImageModel.cpp">
      <Filter>Source Files\Model</Filter>
    </ClCompile>
    <ClCompile Include="src\main\Model\ModalModel.cpp">
      <Filter>Source Files\Model</Filter>
    </ClCompile>
    <ClCompile Include="src\main\View\Button.cpp">
      <Filter>Source Files\View</Filter>
    </ClCompile>
    <ClCompile Include="src\main\View\Image.cpp">
      <Filter>Source Files\View</Filter>
    </ClCompile>
    <ClCompile Include="src\main\View\RectView.cpp">
      <Filter>Source Files\View</Filter>
    </ClCompile>
    <ClCompile Include="src\main\View\ViewGroup.cpp">
      <Filter>Source Files\View</Filter>
    </ClCompile>
    <ClCompile Include="src\main\Any\App.cpp">
      <Filter>Source Files\Any</Filter>
    </ClCompile>
    <ClCompile Include="src\main\Factory\ViewGroupFactory.cpp">
      <Filter>Source Files\Factory</Filter>
    </ClCompile>
    <ClCompile Include="src\main\Functions\control_flow.cpp">
      <Filter>Source Files\Functions</Filter>
    </ClCompile>
    <ClCompile Include="src\main\ViewGroup\Modal.cpp">
      <Filter>Source Files\ViewGroup</Filter>
    </ClCompile>
    <ClCompile Include="src\main\Any\QuadTree.cpp">
      <Filter>Source Files\Any</Filter>
    </ClCompile>
    <ClCompile Include="src\main\Functions\ttf_ext.cpp">
      <Filter>Source Files\Functions</Filter>
    </ClCompile>
    <ClCompile Include="src\consoleTest\Any\Map.test.cpp">
      <Filter>Console Test Source Files\Any</Filter>
    </ClCompile>
    <ClCompile Include="src\consoleTest\Any\QuadTree.test.cpp">
      <Filter>Console Test Source Files\Any</Filter>
    </ClCompile>
    <ClCompile Include="src\consoleTest\Functions\math_ext.test.cpp">
      <Filter>Console Test Source Files\Functions</Filter>
    </ClCompile>
    <ClCompile Include="src\consoleTest\Functions\console_test.cpp">
      <Filter>Console Test Source Files\Functions</Filter>
    </ClCompile>
    <ClCompile Include="src\consoleTest\Model\ButtonModel.test.cpp">
      <Filter>Console Test Source Files\Model</Filter>
    </ClCompile>
    <ClCompile Include="src\consoleTest\Model\ImageModel.test.cpp">
      <Filter>Console Test Source Files\Model</Filter>
    </ClCompile>
    <ClCompile Include="src\consoleTest\Model\ModalModel.test.cpp">
      <Filter>Console Test Source Files\Model</Filter>
    </ClCompile>
    <ClCompile Include="src\consoleTest\Struct\Point.test.cpp">
      <Filter>Console Test Source Files\Struct</Filter>
    </ClCompile>
    <ClCompile Include="src\guiTest\Functions\gui_test.cpp">
      <Filter>GUI Test Source Files\Functions</Filter>
    </ClCompile>
    <ClCompile Include="src\guiTest\ViewGroupFactory\ViewifyViewGroupFactory.cpp">
      <Filter>GUI Test Source Files\ViewGroupFactory</Filter>
    </ClCompile>
    <ClCompile Include="src\main\Atlas\GlyphAtlas.cpp">
      <Filter>Source Files\Atlas</Filter>
    </ClCompile>
    <ClCompile Include="src\main\Atlas\TextureAtlas.cpp">
      <Filter>Source Files\Atlas</Filter>
    </ClCompile>
    <ClCompile Include="src\main\Any\Atlas.cpp">
      <Filter>Source Files\Any</Filter>
    </ClCompile>
    <ClCompile Include="src\main\View\Text.cpp">
      <Filter>Source Files\View</Filter>
    </ClCompile>
    <ClCompile Include="src\main\Model\TextModel.cpp">
      <Filter>Source Files\Model</Filter>
    </ClCompile>
    <ClCompile Include="src\consoleTest\Model\TextModel.test.cpp">
      <Filter>Console Test Source Files\Model</Filter>
    </ClCompile>
  </ItemGroup>
  <ItemGroup>
    <Font Include="assets\test\arial.ttf">
      <Filter>Test Assets</Filter>
    </Font>
  </ItemGroup>
  <ItemGroup>
    <Image Include="assets\test\placeholder1.png">
      <Filter>Test Assets</Filter>
    </Image>
    <Image Include="assets\test\placeholder2.png">
      <Filter>Test Assets</Filter>
    </Image>
  </ItemGroup>
</Project>